
Microsoft Visual Studio Solution File, Format Version 12.00
# Visual Studio Version 17
VisualStudioVersion = 17.11.35222.181
MinimumVisualStudioVersion = 10.0.40219.1
Project("{9A19103F-16F7-4668-BE54-9A1E7A4F7556}") = "GsdmlLinker", "GsdmlLinker\GsdmlLinker.csproj", "{F3ABFA6C-9275-421A-B71E-D42E75D429E1}"
EndProject
Project("{9A19103F-16F7-4668-BE54-9A1E7A4F7556}") = "ISO15745", "..\ISO15745\ISO15745.csproj", "{CBB9DF67-FBEA-4E3A-9AF7-83F93085AFA3}"
EndProject
Project("{9A19103F-16F7-4668-BE54-9A1E7A4F7556}") = "GsdmlLinker.Core", "GsdmlLinker.Core\GsdmlLinker.Core.csproj", "{7C6BD772-0B00-4ECD-B8A7-7315335A0A59}"
EndProject
Project("{9A19103F-16F7-4668-BE54-9A1E7A4F7556}") = "GsdmlLinker.Core.IOL", "GsdmlLinker.Core.IOL\GsdmlLinker.Core.IOL.csproj", "{A61372D5-66B0-4AD3-8C64-8D7B49C96D74}"
EndProject
Project("{9A19103F-16F7-4668-BE54-9A1E7A4F7556}") = "GsdmlLinker.Core.PN", "GsdmlLinker.Core.PN\GsdmlLinker.Core.PN.csproj", "{3C7F624B-A3D7-44C9-AC60-D0FE633C0CBD}"
EndProject
Project("{2150E333-8FDC-42A3-9474-1A3956D46DE8}") = "Éléments de solution", "Éléments de solution", "{BEE5FECF-D0B1-432E-9DB0-37E6AB544736}"
	ProjectSection(SolutionItems) = preProject
		README.md = README.md
	EndProjectSection
EndProject
Project("{54435603-DBB4-11D2-8724-00A0C9A8B90C}") = "GsdmlLinker.Setup", "GsdmlLinker.Setup\GsdmlLinker.Setup.vdproj", "{F80CE742-E5D4-41B4-8DB2-55629491FF8B}"
EndProject
Global
	GlobalSection(SolutionConfigurationPlatforms) = preSolution
		Debug|Any CPU = Debug|Any CPU
		Release|Any CPU = Release|Any CPU
	EndGlobalSection
	GlobalSection(ProjectConfigurationPlatforms) = postSolution
		{F3ABFA6C-9275-421A-B71E-D42E75D429E1}.Debug|Any CPU.ActiveCfg = Debug|Any CPU
		{F3ABFA6C-9275-421A-B71E-D42E75D429E1}.Debug|Any CPU.Build.0 = Debug|Any CPU
		{F3ABFA6C-9275-421A-B71E-D42E75D429E1}.Release|Any CPU.ActiveCfg = Release|Any CPU
		{F3ABFA6C-9275-421A-B71E-D42E75D429E1}.Release|Any CPU.Build.0 = Release|Any CPU
		{CBB9DF67-FBEA-4E3A-9AF7-83F93085AFA3}.Debug|Any CPU.ActiveCfg = Debug|Any CPU
		{CBB9DF67-FBEA-4E3A-9AF7-83F93085AFA3}.Debug|Any CPU.Build.0 = Debug|Any CPU
		{CBB9DF67-FBEA-4E3A-9AF7-83F93085AFA3}.Release|Any CPU.ActiveCfg = Release|Any CPU
		{CBB9DF67-FBEA-4E3A-9AF7-83F93085AFA3}.Release|Any CPU.Build.0 = Release|Any CPU
		{7C6BD772-0B00-4ECD-B8A7-7315335A0A59}.Debug|Any CPU.ActiveCfg = Debug|Any CPU
		{7C6BD772-0B00-4ECD-B8A7-7315335A0A59}.Debug|Any CPU.Build.0 = Debug|Any CPU
		{7C6BD772-0B00-4ECD-B8A7-7315335A0A59}.Release|Any CPU.ActiveCfg = Release|Any CPU
		{7C6BD772-0B00-4ECD-B8A7-7315335A0A59}.Release|Any CPU.Build.0 = Release|Any CPU
		{A61372D5-66B0-4AD3-8C64-8D7B49C96D74}.Debug|Any CPU.ActiveCfg = Debug|Any CPU
		{A61372D5-66B0-4AD3-8C64-8D7B49C96D74}.Debug|Any CPU.Build.0 = Debug|Any CPU
		{A61372D5-66B0-4AD3-8C64-8D7B49C96D74}.Release|Any CPU.ActiveCfg = Release|Any CPU
		{A61372D5-66B0-4AD3-8C64-8D7B49C96D74}.Release|Any CPU.Build.0 = Release|Any CPU
		{3C7F624B-A3D7-44C9-AC60-D0FE633C0CBD}.Debug|Any CPU.ActiveCfg = Debug|Any CPU
		{3C7F624B-A3D7-44C9-AC60-D0FE633C0CBD}.Debug|Any CPU.Build.0 = Debug|Any CPU
		{3C7F624B-A3D7-44C9-AC60-D0FE633C0CBD}.Release|Any CPU.ActiveCfg = Release|Any CPU
		{3C7F624B-A3D7-44C9-AC60-D0FE633C0CBD}.Release|Any CPU.Build.0 = Release|Any CPU
		{F80CE742-E5D4-41B4-8DB2-55629491FF8B}.Debug|Any CPU.ActiveCfg = Debug
		{F80CE742-E5D4-41B4-8DB2-55629491FF8B}.Release|Any CPU.ActiveCfg = Release
	EndGlobalSection
	GlobalSection(SolutionProperties) = preSolution
		HideSolutionNode = FALSE
	EndGlobalSection
	GlobalSection(ExtensibilityGlobals) = postSolution
		SolutionGuid = {35179B63-9DB7-4D02-AD4C-C86967B038DD}
	EndGlobalSection
EndGlobal
