
Microsoft Visual Studio Solution File, Format Version 12.00
# Visual Studio Version 17
VisualStudioVersion = 17.11.35222.181
MinimumVisualStudioVersion = 10.0.40219.1
Project("{9A19103F-16F7-4668-BE54-9A1E7A4F7556}") = "GsdmlLinker", "GsdmlLinker\GsdmlLinker.csproj", "{F3ABFA6C-9275-421A-B71E-D42E75D429E1}"
EndProject
Project("{9A19103F-16F7-4668-BE54-9A1E7A4F7556}") = "ISO15745", "..\ISO15745\ISO15745.csproj", "{CBB9DF67-FBEA-4E3A-9AF7-83F93085AFA3}"
EndProject
Project("{9A19103F-16F7-4668-BE54-9A1E7A4F7556}") = "GsdmlLinker.Core", "GsdmlLinker.Core\GsdmlLinker.Core.csproj", "{7C6BD772-0B00-4ECD-B8A7-7315335A0A59}"
EndProject
Project("{9A19103F-16F7-4668-BE54-9A1E7A4F7556}") = "GsdmlLinker.Core.IOL", "GsdmlLinker.Core.IOL\GsdmlLinker.Core.IOL.csproj", "{A61372D5-66B0-4AD3-8C64-8D7B49C96D74}"
EndProject
Project("{9A19103F-16F7-4668-BE54-9A1E7A4F7556}") = "GsdmlLinker.Core.PN", "GsdmlLinker.Core.PN\GsdmlLinker.Core.PN.csproj", "{3C7F624B-A3D7-44C9-AC60-D0FE633C0CBD}"
EndProject
Project("{2150E333-8FDC-42A3-9474-1A3956D46DE8}") = "Éléments de solution", "Éléments de solution", "{BEE5FECF-D0B1-432E-9DB0-37E6AB544736}"
	ProjectSection(SolutionItems) = preProject
		README.md = README.md
	EndProjectSection
EndProject
Project("{54435603-DBB4-11D2-8724-00A0C9A8B90C}") = "GsdmlLinker.Setup", "GsdmlLinker.Setup\GsdmlLinker.Setup.vdproj", "{F80CE742-E5D4-41B4-8DB2-55629491FF8B}"
EndProject
Project("{2150E333-8FDC-42A3-9474-1A3956D46DE8}") = ".github", ".github", "{02EA681E-C7D8-13C7-8484-4AC65E1B71E8}"
EndProject
Project("{2150E333-8FDC-42A3-9474-1A3956D46DE8}") = "workflows", "workflows", "{00529CD1-AF07-4E9B-83A9-9725F464D5E0}"
EndProject
Project("{C7167F0D-BC9F-4E6E-AFE1-012C56B48DB5}") = "GsdmlLinker.Packages", "GsdmlLinker.Packages\GsdmlLinker.Packages.wapproj", "{E0690E42-AF11-4A15-843F-795E34F5FEAF}"
EndProject
Project("{2150E333-8FDC-42A3-9474-1A3956D46DE8}") = "External projects", "External projects", "{C81A3D44-DE58-41E6-8732-447B58AAF36A}"
EndProject
Global
	GlobalSection(SolutionConfigurationPlatforms) = preSolution
		Debug|Any CPU = Debug|Any CPU
		Debug|ARM = Debug|ARM
		Debug|ARM64 = Debug|ARM64
		Debug|x64 = Debug|x64
		Debug|x86 = Debug|x86
		Release|Any CPU = Release|Any CPU
		Release|ARM = Release|ARM
		Release|ARM64 = Release|ARM64
		Release|x64 = Release|x64
		Release|x86 = Release|x86
	EndGlobalSection
	GlobalSection(ProjectConfigurationPlatforms) = postSolution
		{F3ABFA6C-9275-421A-B71E-D42E75D429E1}.Debug|Any CPU.ActiveCfg = Debug|Any CPU
		{F3ABFA6C-9275-421A-B71E-D42E75D429E1}.Debug|Any CPU.Build.0 = Debug|Any CPU
		{F3ABFA6C-9275-421A-B71E-D42E75D429E1}.Debug|ARM.ActiveCfg = Debug|Any CPU
		{F3ABFA6C-9275-421A-B71E-D42E75D429E1}.Debug|ARM.Build.0 = Debug|Any CPU
		{F3ABFA6C-9275-421A-B71E-D42E75D429E1}.Debug|ARM64.ActiveCfg = Debug|Any CPU
		{F3ABFA6C-9275-421A-B71E-D42E75D429E1}.Debug|ARM64.Build.0 = Debug|Any CPU
		{F3ABFA6C-9275-421A-B71E-D42E75D429E1}.Debug|x64.ActiveCfg = Debug|Any CPU
		{F3ABFA6C-9275-421A-B71E-D42E75D429E1}.Debug|x64.Build.0 = Debug|Any CPU
		{F3ABFA6C-9275-421A-B71E-D42E75D429E1}.Debug|x86.ActiveCfg = Debug|Any CPU
		{F3ABFA6C-9275-421A-B71E-D42E75D429E1}.Debug|x86.Build.0 = Debug|Any CPU
		{F3ABFA6C-9275-421A-B71E-D42E75D429E1}.Release|Any CPU.ActiveCfg = Release|Any CPU
		{F3ABFA6C-9275-421A-B71E-D42E75D429E1}.Release|Any CPU.Build.0 = Release|Any CPU
		{F3ABFA6C-9275-421A-B71E-D42E75D429E1}.Release|ARM.ActiveCfg = Release|Any CPU
		{F3ABFA6C-9275-421A-B71E-D42E75D429E1}.Release|ARM.Build.0 = Release|Any CPU
		{F3ABFA6C-9275-421A-B71E-D42E75D429E1}.Release|ARM64.ActiveCfg = Release|Any CPU
		{F3ABFA6C-9275-421A-B71E-D42E75D429E1}.Release|ARM64.Build.0 = Release|Any CPU
		{F3ABFA6C-9275-421A-B71E-D42E75D429E1}.Release|x64.ActiveCfg = Release|Any CPU
		{F3ABFA6C-9275-421A-B71E-D42E75D429E1}.Release|x64.Build.0 = Release|Any CPU
		{F3ABFA6C-9275-421A-B71E-D42E75D429E1}.Release|x86.ActiveCfg = Release|Any CPU
		{F3ABFA6C-9275-421A-B71E-D42E75D429E1}.Release|x86.Build.0 = Release|Any CPU
		{CBB9DF67-FBEA-4E3A-9AF7-83F93085AFA3}.Debug|Any CPU.ActiveCfg = Debug|Any CPU
		{CBB9DF67-FBEA-4E3A-9AF7-83F93085AFA3}.Debug|Any CPU.Build.0 = Debug|Any CPU
		{CBB9DF67-FBEA-4E3A-9AF7-83F93085AFA3}.Debug|ARM.ActiveCfg = Debug|Any CPU
		{CBB9DF67-FBEA-4E3A-9AF7-83F93085AFA3}.Debug|ARM.Build.0 = Debug|Any CPU
		{CBB9DF67-FBEA-4E3A-9AF7-83F93085AFA3}.Debug|ARM64.ActiveCfg = Debug|Any CPU
		{CBB9DF67-FBEA-4E3A-9AF7-83F93085AFA3}.Debug|ARM64.Build.0 = Debug|Any CPU
		{CBB9DF67-FBEA-4E3A-9AF7-83F93085AFA3}.Debug|x64.ActiveCfg = Debug|Any CPU
		{CBB9DF67-FBEA-4E3A-9AF7-83F93085AFA3}.Debug|x64.Build.0 = Debug|Any CPU
		{CBB9DF67-FBEA-4E3A-9AF7-83F93085AFA3}.Debug|x86.ActiveCfg = Debug|Any CPU
		{CBB9DF67-FBEA-4E3A-9AF7-83F93085AFA3}.Debug|x86.Build.0 = Debug|Any CPU
		{CBB9DF67-FBEA-4E3A-9AF7-83F93085AFA3}.Release|Any CPU.ActiveCfg = Release|Any CPU
		{CBB9DF67-FBEA-4E3A-9AF7-83F93085AFA3}.Release|Any CPU.Build.0 = Release|Any CPU
		{CBB9DF67-FBEA-4E3A-9AF7-83F93085AFA3}.Release|ARM.ActiveCfg = Release|Any CPU
		{CBB9DF67-FBEA-4E3A-9AF7-83F93085AFA3}.Release|ARM.Build.0 = Release|Any CPU
		{CBB9DF67-FBEA-4E3A-9AF7-83F93085AFA3}.Release|ARM64.ActiveCfg = Release|Any CPU
		{CBB9DF67-FBEA-4E3A-9AF7-83F93085AFA3}.Release|ARM64.Build.0 = Release|Any CPU
		{CBB9DF67-FBEA-4E3A-9AF7-83F93085AFA3}.Release|x64.ActiveCfg = Release|Any CPU
		{CBB9DF67-FBEA-4E3A-9AF7-83F93085AFA3}.Release|x64.Build.0 = Release|Any CPU
		{CBB9DF67-FBEA-4E3A-9AF7-83F93085AFA3}.Release|x86.ActiveCfg = Release|Any CPU
		{CBB9DF67-FBEA-4E3A-9AF7-83F93085AFA3}.Release|x86.Build.0 = Release|Any CPU
		{7C6BD772-0B00-4ECD-B8A7-7315335A0A59}.Debug|Any CPU.ActiveCfg = Debug|Any CPU
		{7C6BD772-0B00-4ECD-B8A7-7315335A0A59}.Debug|Any CPU.Build.0 = Debug|Any CPU
		{7C6BD772-0B00-4ECD-B8A7-7315335A0A59}.Debug|ARM.ActiveCfg = Debug|Any CPU
		{7C6BD772-0B00-4ECD-B8A7-7315335A0A59}.Debug|ARM.Build.0 = Debug|Any CPU
		{7C6BD772-0B00-4ECD-B8A7-7315335A0A59}.Debug|ARM64.ActiveCfg = Debug|Any CPU
		{7C6BD772-0B00-4ECD-B8A7-7315335A0A59}.Debug|ARM64.Build.0 = Debug|Any CPU
		{7C6BD772-0B00-4ECD-B8A7-7315335A0A59}.Debug|x64.ActiveCfg = Debug|Any CPU
		{7C6BD772-0B00-4ECD-B8A7-7315335A0A59}.Debug|x64.Build.0 = Debug|Any CPU
		{7C6BD772-0B00-4ECD-B8A7-7315335A0A59}.Debug|x86.ActiveCfg = Debug|Any CPU
		{7C6BD772-0B00-4ECD-B8A7-7315335A0A59}.Debug|x86.Build.0 = Debug|Any CPU
		{7C6BD772-0B00-4ECD-B8A7-7315335A0A59}.Release|Any CPU.ActiveCfg = Release|Any CPU
		{7C6BD772-0B00-4ECD-B8A7-7315335A0A59}.Release|Any CPU.Build.0 = Release|Any CPU
		{7C6BD772-0B00-4ECD-B8A7-7315335A0A59}.Release|ARM.ActiveCfg = Release|Any CPU
		{7C6BD772-0B00-4ECD-B8A7-7315335A0A59}.Release|ARM.Build.0 = Release|Any CPU
		{7C6BD772-0B00-4ECD-B8A7-7315335A0A59}.Release|ARM64.ActiveCfg = Release|Any CPU
		{7C6BD772-0B00-4ECD-B8A7-7315335A0A59}.Release|ARM64.Build.0 = Release|Any CPU
		{7C6BD772-0B00-4ECD-B8A7-7315335A0A59}.Release|x64.ActiveCfg = Release|Any CPU
		{7C6BD772-0B00-4ECD-B8A7-7315335A0A59}.Release|x64.Build.0 = Release|Any CPU
		{7C6BD772-0B00-4ECD-B8A7-7315335A0A59}.Release|x86.ActiveCfg = Release|Any CPU
		{7C6BD772-0B00-4ECD-B8A7-7315335A0A59}.Release|x86.Build.0 = Release|Any CPU
		{A61372D5-66B0-4AD3-8C64-8D7B49C96D74}.Debug|Any CPU.ActiveCfg = Debug|Any CPU
		{A61372D5-66B0-4AD3-8C64-8D7B49C96D74}.Debug|Any CPU.Build.0 = Debug|Any CPU
		{A61372D5-66B0-4AD3-8C64-8D7B49C96D74}.Debug|ARM.ActiveCfg = Debug|Any CPU
		{A61372D5-66B0-4AD3-8C64-8D7B49C96D74}.Debug|ARM.Build.0 = Debug|Any CPU
		{A61372D5-66B0-4AD3-8C64-8D7B49C96D74}.Debug|ARM64.ActiveCfg = Debug|Any CPU
		{A61372D5-66B0-4AD3-8C64-8D7B49C96D74}.Debug|ARM64.Build.0 = Debug|Any CPU
		{A61372D5-66B0-4AD3-8C64-8D7B49C96D74}.Debug|x64.ActiveCfg = Debug|Any CPU
		{A61372D5-66B0-4AD3-8C64-8D7B49C96D74}.Debug|x64.Build.0 = Debug|Any CPU
		{A61372D5-66B0-4AD3-8C64-8D7B49C96D74}.Debug|x86.ActiveCfg = Debug|Any CPU
		{A61372D5-66B0-4AD3-8C64-8D7B49C96D74}.Debug|x86.Build.0 = Debug|Any CPU
		{A61372D5-66B0-4AD3-8C64-8D7B49C96D74}.Release|Any CPU.ActiveCfg = Release|Any CPU
		{A61372D5-66B0-4AD3-8C64-8D7B49C96D74}.Release|Any CPU.Build.0 = Release|Any CPU
		{A61372D5-66B0-4AD3-8C64-8D7B49C96D74}.Release|ARM.ActiveCfg = Release|Any CPU
		{A61372D5-66B0-4AD3-8C64-8D7B49C96D74}.Release|ARM.Build.0 = Release|Any CPU
		{A61372D5-66B0-4AD3-8C64-8D7B49C96D74}.Release|ARM64.ActiveCfg = Release|Any CPU
		{A61372D5-66B0-4AD3-8C64-8D7B49C96D74}.Release|ARM64.Build.0 = Release|Any CPU
		{A61372D5-66B0-4AD3-8C64-8D7B49C96D74}.Release|x64.ActiveCfg = Release|Any CPU
		{A61372D5-66B0-4AD3-8C64-8D7B49C96D74}.Release|x64.Build.0 = Release|Any CPU
		{A61372D5-66B0-4AD3-8C64-8D7B49C96D74}.Release|x86.ActiveCfg = Release|Any CPU
		{A61372D5-66B0-4AD3-8C64-8D7B49C96D74}.Release|x86.Build.0 = Release|Any CPU
		{3C7F624B-A3D7-44C9-AC60-D0FE633C0CBD}.Debug|Any CPU.ActiveCfg = Debug|Any CPU
		{3C7F624B-A3D7-44C9-AC60-D0FE633C0CBD}.Debug|Any CPU.Build.0 = Debug|Any CPU
		{3C7F624B-A3D7-44C9-AC60-D0FE633C0CBD}.Debug|ARM.ActiveCfg = Debug|Any CPU
		{3C7F624B-A3D7-44C9-AC60-D0FE633C0CBD}.Debug|ARM.Build.0 = Debug|Any CPU
		{3C7F624B-A3D7-44C9-AC60-D0FE633C0CBD}.Debug|ARM64.ActiveCfg = Debug|Any CPU
		{3C7F624B-A3D7-44C9-AC60-D0FE633C0CBD}.Debug|ARM64.Build.0 = Debug|Any CPU
		{3C7F624B-A3D7-44C9-AC60-D0FE633C0CBD}.Debug|x64.ActiveCfg = Debug|Any CPU
		{3C7F624B-A3D7-44C9-AC60-D0FE633C0CBD}.Debug|x64.Build.0 = Debug|Any CPU
		{3C7F624B-A3D7-44C9-AC60-D0FE633C0CBD}.Debug|x86.ActiveCfg = Debug|Any CPU
		{3C7F624B-A3D7-44C9-AC60-D0FE633C0CBD}.Debug|x86.Build.0 = Debug|Any CPU
		{3C7F624B-A3D7-44C9-AC60-D0FE633C0CBD}.Release|Any CPU.ActiveCfg = Release|Any CPU
		{3C7F624B-A3D7-44C9-AC60-D0FE633C0CBD}.Release|Any CPU.Build.0 = Release|Any CPU
		{3C7F624B-A3D7-44C9-AC60-D0FE633C0CBD}.Release|ARM.ActiveCfg = Release|Any CPU
		{3C7F624B-A3D7-44C9-AC60-D0FE633C0CBD}.Release|ARM.Build.0 = Release|Any CPU
		{3C7F624B-A3D7-44C9-AC60-D0FE633C0CBD}.Release|ARM64.ActiveCfg = Release|Any CPU
		{3C7F624B-A3D7-44C9-AC60-D0FE633C0CBD}.Release|ARM64.Build.0 = Release|Any CPU
		{3C7F624B-A3D7-44C9-AC60-D0FE633C0CBD}.Release|x64.ActiveCfg = Release|Any CPU
		{3C7F624B-A3D7-44C9-AC60-D0FE633C0CBD}.Release|x64.Build.0 = Release|Any CPU
		{3C7F624B-A3D7-44C9-AC60-D0FE633C0CBD}.Release|x86.ActiveCfg = Release|Any CPU
		{3C7F624B-A3D7-44C9-AC60-D0FE633C0CBD}.Release|x86.Build.0 = Release|Any CPU
		{F80CE742-E5D4-41B4-8DB2-55629491FF8B}.Debug|Any CPU.ActiveCfg = Debug
		{F80CE742-E5D4-41B4-8DB2-55629491FF8B}.Debug|ARM.ActiveCfg = Debug
		{F80CE742-E5D4-41B4-8DB2-55629491FF8B}.Debug|ARM.Build.0 = Debug
		{F80CE742-E5D4-41B4-8DB2-55629491FF8B}.Debug|ARM64.ActiveCfg = Debug
		{F80CE742-E5D4-41B4-8DB2-55629491FF8B}.Debug|ARM64.Build.0 = Debug
		{F80CE742-E5D4-41B4-8DB2-55629491FF8B}.Debug|x64.ActiveCfg = Debug
		{F80CE742-E5D4-41B4-8DB2-55629491FF8B}.Debug|x64.Build.0 = Debug
		{F80CE742-E5D4-41B4-8DB2-55629491FF8B}.Debug|x86.ActiveCfg = Debug
		{F80CE742-E5D4-41B4-8DB2-55629491FF8B}.Debug|x86.Build.0 = Debug
		{F80CE742-E5D4-41B4-8DB2-55629491FF8B}.Release|Any CPU.ActiveCfg = Release
		{F80CE742-E5D4-41B4-8DB2-55629491FF8B}.Release|ARM.ActiveCfg = Release
		{F80CE742-E5D4-41B4-8DB2-55629491FF8B}.Release|ARM.Build.0 = Release
		{F80CE742-E5D4-41B4-8DB2-55629491FF8B}.Release|ARM64.ActiveCfg = Release
		{F80CE742-E5D4-41B4-8DB2-55629491FF8B}.Release|ARM64.Build.0 = Release
		{F80CE742-E5D4-41B4-8DB2-55629491FF8B}.Release|x64.ActiveCfg = Release
		{F80CE742-E5D4-41B4-8DB2-55629491FF8B}.Release|x64.Build.0 = Release
		{F80CE742-E5D4-41B4-8DB2-55629491FF8B}.Release|x86.ActiveCfg = Release
		{F80CE742-E5D4-41B4-8DB2-55629491FF8B}.Release|x86.Build.0 = Release
		{E0690E42-AF11-4A15-843F-795E34F5FEAF}.Debug|Any CPU.ActiveCfg = Debug|Any CPU
		{E0690E42-AF11-4A15-843F-795E34F5FEAF}.Debug|Any CPU.Build.0 = Debug|Any CPU
		{E0690E42-AF11-4A15-843F-795E34F5FEAF}.Debug|Any CPU.Deploy.0 = Debug|Any CPU
		{E0690E42-AF11-4A15-843F-795E34F5FEAF}.Debug|ARM.ActiveCfg = Debug|ARM
		{E0690E42-AF11-4A15-843F-795E34F5FEAF}.Debug|ARM.Build.0 = Debug|ARM
		{E0690E42-AF11-4A15-843F-795E34F5FEAF}.Debug|ARM.Deploy.0 = Debug|ARM
		{E0690E42-AF11-4A15-843F-795E34F5FEAF}.Debug|ARM64.ActiveCfg = Debug|ARM64
		{E0690E42-AF11-4A15-843F-795E34F5FEAF}.Debug|ARM64.Build.0 = Debug|ARM64
		{E0690E42-AF11-4A15-843F-795E34F5FEAF}.Debug|ARM64.Deploy.0 = Debug|ARM64
		{E0690E42-AF11-4A15-843F-795E34F5FEAF}.Debug|x64.ActiveCfg = Debug|x64
		{E0690E42-AF11-4A15-843F-795E34F5FEAF}.Debug|x64.Build.0 = Debug|x64
		{E0690E42-AF11-4A15-843F-795E34F5FEAF}.Debug|x64.Deploy.0 = Debug|x64
		{E0690E42-AF11-4A15-843F-795E34F5FEAF}.Debug|x86.ActiveCfg = Debug|x86
		{E0690E42-AF11-4A15-843F-795E34F5FEAF}.Debug|x86.Build.0 = Debug|x86
		{E0690E42-AF11-4A15-843F-795E34F5FEAF}.Debug|x86.Deploy.0 = Debug|x86
		{E0690E42-AF11-4A15-843F-795E34F5FEAF}.Release|Any CPU.ActiveCfg = Release|Any CPU
		{E0690E42-AF11-4A15-843F-795E34F5FEAF}.Release|Any CPU.Build.0 = Release|Any CPU
		{E0690E42-AF11-4A15-843F-795E34F5FEAF}.Release|Any CPU.Deploy.0 = Release|Any CPU
		{E0690E42-AF11-4A15-843F-795E34F5FEAF}.Release|ARM.ActiveCfg = Release|ARM
		{E0690E42-AF11-4A15-843F-795E34F5FEAF}.Release|ARM.Build.0 = Release|ARM
		{E0690E42-AF11-4A15-843F-795E34F5FEAF}.Release|ARM.Deploy.0 = Release|ARM
		{E0690E42-AF11-4A15-843F-795E34F5FEAF}.Release|ARM64.ActiveCfg = Release|ARM64
		{E0690E42-AF11-4A15-843F-795E34F5FEAF}.Release|ARM64.Build.0 = Release|ARM64
		{E0690E42-AF11-4A15-843F-795E34F5FEAF}.Release|ARM64.Deploy.0 = Release|ARM64
		{E0690E42-AF11-4A15-843F-795E34F5FEAF}.Release|x64.ActiveCfg = Release|x64
		{E0690E42-AF11-4A15-843F-795E34F5FEAF}.Release|x64.Build.0 = Release|x64
		{E0690E42-AF11-4A15-843F-795E34F5FEAF}.Release|x64.Deploy.0 = Release|x64
		{E0690E42-AF11-4A15-843F-795E34F5FEAF}.Release|x86.ActiveCfg = Release|x86
		{E0690E42-AF11-4A15-843F-795E34F5FEAF}.Release|x86.Build.0 = Release|x86
		{E0690E42-AF11-4A15-843F-795E34F5FEAF}.Release|x86.Deploy.0 = Release|x86
	EndGlobalSection
	GlobalSection(SolutionProperties) = preSolution
		HideSolutionNode = FALSE
	EndGlobalSection
	GlobalSection(NestedProjects) = preSolution
		{CBB9DF67-FBEA-4E3A-9AF7-83F93085AFA3} = {C81A3D44-DE58-41E6-8732-447B58AAF36A}
		{02EA681E-C7D8-13C7-8484-4AC65E1B71E8} = {BEE5FECF-D0B1-432E-9DB0-37E6AB544736}
		{00529CD1-AF07-4E9B-83A9-9725F464D5E0} = {02EA681E-C7D8-13C7-8484-4AC65E1B71E8}
	EndGlobalSection
	GlobalSection(ExtensibilityGlobals) = postSolution
		SolutionGuid = {35179B63-9DB7-4D02-AD4C-C86967B038DD}
	EndGlobalSection
EndGlobal
